{
  "name": "@levinelito/pagination",
  "version": "0.0.1",
  "lockfileVersion": 2,
  "requires": true,
  "packages": {
    "": {
      "name": "@levinelito/pagination",
      "version": "0.0.1",
      "license": "MIT",
      "dependencies": {
        "@levinelito/base-component": "^0.0.1",
        "@levinelito/create-html-element": "^1.0.1"
      }
    },
    "node_modules/@levinelito/base-component": {
      "version": "0.0.1",
      "resolved": "https://registry.npmjs.org/@levinelito/base-component/-/base-component-0.0.1.tgz",
      "integrity": "sha512-9expAIppeoJVdMgarmPjHA+lOlBebK+pFwL5N59JuhZhxKsng0tZ8hXt3sAnl7wlTkrmfL0qSZYmk9ofM+DYbw=="
    },
    "node_modules/@levinelito/create-html-element": {
      "version": "1.0.1",
      "resolved": "https://registry.npmjs.org/@levinelito/create-html-element/-/create-html-element-1.0.1.tgz",
      "integrity": "sha512-1YGgWdwyADoZNBPzN15/ak484QQnrlUrPu8fQ/ZhDd/L5M8N+OcWSl7l19hCR0RPYDM936ZjUcrdIngSVTG7jg=="
    }
  },
  "dependencies": {
    "@levinelito/base-component": {
      "version": "0.0.1",
      "resolved": "https://registry.npmjs.org/@levinelito/base-component/-/base-component-0.0.1.tgz",
      "integrity": "sha512-9expAIppeoJVdMgarmPjHA+lOlBebK+pFwL5N59JuhZhxKsng0tZ8hXt3sAnl7wlTkrmfL0qSZYmk9ofM+DYbw=="
    },
    "@levinelito/create-html-element": {
      "version": "1.0.1",
      "resolved": "https://registry.npmjs.org/@levinelito/create-html-element/-/create-html-element-1.0.1.tgz",
      "integrity": "sha512-1YGgWdwyADoZNBPzN15/ak484QQnrlUrPu8fQ/ZhDd/L5M8N+OcWSl7l19hCR0RPYDM936ZjUcrdIngSVTG7jg=="
    }
  }
}
